
Microsoft Visual Studio Solution File, Format Version 12.00
# Visual Studio Version 17
VisualStudioVersion = 17.8.34511.84
MinimumVisualStudioVersion = 10.0.40219.1
Project("{FAE04EC0-301F-11D3-BF4B-00C04F79EFBC}") = "StockTracking.Web", "StockTracking\StockTracking.Web.csproj", "{49911396-56F2-4852-BE20-89A15123C0CC}"
EndProject
Project("{FAE04EC0-301F-11D3-BF4B-00C04F79EFBC}") = "StockTracking.DAL", "StockTracking.DAL\StockTracking.DAL.csproj", "{6FD16A59-8938-4450-AA63-A712BD33C8B8}"
EndProject
Project("{FAE04EC0-301F-11D3-BF4B-00C04F79EFBC}") = "StockTracking.Entities", "StockTracking.Entities\StockTracking.Entities.csproj", "{66922B67-4693-4D4F-A693-7B57CE14368C}"
EndProject
Global
	GlobalSection(SolutionConfigurationPlatforms) = preSolution
		Debug|Any CPU = Debug|Any CPU
		Release|Any CPU = Release|Any CPU
	EndGlobalSection
	GlobalSection(ProjectConfigurationPlatforms) = postSolution
		{49911396-56F2-4852-BE20-89A15123C0CC}.Debug|Any CPU.ActiveCfg = Debug|Any CPU
		{49911396-56F2-4852-BE20-89A15123C0CC}.Debug|Any CPU.Build.0 = Debug|Any CPU
		{49911396-56F2-4852-BE20-89A15123C0CC}.Release|Any CPU.ActiveCfg = Release|Any CPU
		{49911396-56F2-4852-BE20-89A15123C0CC}.Release|Any CPU.Build.0 = Release|Any CPU
		{6FD16A59-8938-4450-AA63-A712BD33C8B8}.Debug|Any CPU.ActiveCfg = Debug|Any CPU
		{6FD16A59-8938-4450-AA63-A712BD33C8B8}.Debug|Any CPU.Build.0 = Debug|Any CPU
		{6FD16A59-8938-4450-AA63-A712BD33C8B8}.Release|Any CPU.ActiveCfg = Release|Any CPU
		{6FD16A59-8938-4450-AA63-A712BD33C8B8}.Release|Any CPU.Build.0 = Release|Any CPU
		{66922B67-4693-4D4F-A693-7B57CE14368C}.Debug|Any CPU.ActiveCfg = Debug|Any CPU
		{66922B67-4693-4D4F-A693-7B57CE14368C}.Debug|Any CPU.Build.0 = Debug|Any CPU
		{66922B67-4693-4D4F-A693-7B57CE14368C}.Release|Any CPU.ActiveCfg = Release|Any CPU
		{66922B67-4693-4D4F-A693-7B57CE14368C}.Release|Any CPU.Build.0 = Release|Any CPU
	EndGlobalSection
	GlobalSection(SolutionProperties) = preSolution
		HideSolutionNode = FALSE
	EndGlobalSection
	GlobalSection(ExtensibilityGlobals) = postSolution
		SolutionGuid = {A7E205BF-12E7-46E1-BC09-1C8E559E9962}
	EndGlobalSection
EndGlobal
